
Microsoft Visual Studio Solution File, Format Version 12.00
# Visual Studio Version 17
VisualStudioVersion = 17.6.33815.320
MinimumVisualStudioVersion = 10.0.40219.1
Project("{2150E333-8FDC-42A3-9474-1A3956D46DE8}") = "FrontEnd", "FrontEnd", "{13F2FF5F-3015-434E-8834-21E078645560}"
EndProject
Project("{2150E333-8FDC-42A3-9474-1A3956D46DE8}") = "GateWay", "GateWay", "{9A41F4E0-606C-40D2-AAD8-A6F5B0A1D4A2}"
EndProject
Project("{2150E333-8FDC-42A3-9474-1A3956D46DE8}") = "Integration", "Integration", "{20C007AE-4C10-4C7E-9F11-75E39F510A4E}"
EndProject
Project("{2150E333-8FDC-42A3-9474-1A3956D46DE8}") = "Services", "Services", "{6BF8C7AD-D133-4F12-9CCD-EDC40B961715}"
EndProject
Project("{9A19103F-16F7-4668-BE54-9A1E7A4F7556}") = "CouponAPI", "CouponAPI\CouponAPI.csproj", "{E6261364-6095-4A0D-8845-DF9AE7E60551}"
EndProject
Project("{FAE04EC0-301F-11D3-BF4B-00C04F79EFBC}") = "Restaurant.Web", "Restaurant.Web\Restaurant.Web.csproj", "{DED4C9DC-6FBE-4B13-A1B7-7AE6F32C2778}"
EndProject
Project("{FAE04EC0-301F-11D3-BF4B-00C04F79EFBC}") = "AuthAPI", "AuthAPI\AuthAPI.csproj", "{DA23072F-70FB-48EF-A9F9-63EC1EFC6EB2}"
EndProject
Global
	GlobalSection(SolutionConfigurationPlatforms) = preSolution
		Debug|Any CPU = Debug|Any CPU
		Release|Any CPU = Release|Any CPU
	EndGlobalSection
	GlobalSection(ProjectConfigurationPlatforms) = postSolution
		{E6261364-6095-4A0D-8845-DF9AE7E60551}.Debug|Any CPU.ActiveCfg = Debug|Any CPU
		{E6261364-6095-4A0D-8845-DF9AE7E60551}.Debug|Any CPU.Build.0 = Debug|Any CPU
		{E6261364-6095-4A0D-8845-DF9AE7E60551}.Release|Any CPU.ActiveCfg = Release|Any CPU
		{E6261364-6095-4A0D-8845-DF9AE7E60551}.Release|Any CPU.Build.0 = Release|Any CPU
		{DED4C9DC-6FBE-4B13-A1B7-7AE6F32C2778}.Debug|Any CPU.ActiveCfg = Debug|Any CPU
		{DED4C9DC-6FBE-4B13-A1B7-7AE6F32C2778}.Debug|Any CPU.Build.0 = Debug|Any CPU
		{DED4C9DC-6FBE-4B13-A1B7-7AE6F32C2778}.Release|Any CPU.ActiveCfg = Release|Any CPU
		{DED4C9DC-6FBE-4B13-A1B7-7AE6F32C2778}.Release|Any CPU.Build.0 = Release|Any CPU
		{DA23072F-70FB-48EF-A9F9-63EC1EFC6EB2}.Debug|Any CPU.ActiveCfg = Debug|Any CPU
		{DA23072F-70FB-48EF-A9F9-63EC1EFC6EB2}.Debug|Any CPU.Build.0 = Debug|Any CPU
		{DA23072F-70FB-48EF-A9F9-63EC1EFC6EB2}.Release|Any CPU.ActiveCfg = Release|Any CPU
		{DA23072F-70FB-48EF-A9F9-63EC1EFC6EB2}.Release|Any CPU.Build.0 = Release|Any CPU
	EndGlobalSection
	GlobalSection(SolutionProperties) = preSolution
		HideSolutionNode = FALSE
	EndGlobalSection
	GlobalSection(NestedProjects) = preSolution
		{E6261364-6095-4A0D-8845-DF9AE7E60551} = {6BF8C7AD-D133-4F12-9CCD-EDC40B961715}
		{DED4C9DC-6FBE-4B13-A1B7-7AE6F32C2778} = {13F2FF5F-3015-434E-8834-21E078645560}
		{DA23072F-70FB-48EF-A9F9-63EC1EFC6EB2} = {6BF8C7AD-D133-4F12-9CCD-EDC40B961715}
	EndGlobalSection
	GlobalSection(ExtensibilityGlobals) = postSolution
		SolutionGuid = {2DA4E382-A6FF-4615-B70A-D9AD056AC31D}
	EndGlobalSection
EndGlobal
